
Microsoft Visual Studio Solution File, Format Version 12.00
# Visual Studio Version 16
VisualStudioVersion = 16.0.30225.117
MinimumVisualStudioVersion = 10.0.40219.1
Project("{FAE04EC0-301F-11D3-BF4B-00C04F79EFBC}") = "Stacks", "Stacks\Stacks.csproj", "{B6DFA657-22AB-4CE5-8658-C780201EE502}"
EndProject
Project("{FAE04EC0-301F-11D3-BF4B-00C04F79EFBC}") = "Stacks.Tests", "Stacks.Tests\Stacks.Tests.csproj", "{1DC0AEDD-9A4B-4C67-BADC-5627287D17B1}"
EndProject
Global
	GlobalSection(SolutionConfigurationPlatforms) = preSolution
		Debug|Any CPU = Debug|Any CPU
		Release|Any CPU = Release|Any CPU
	EndGlobalSection
	GlobalSection(ProjectConfigurationPlatforms) = postSolution
		{B6DFA657-22AB-4CE5-8658-C780201EE502}.Debug|Any CPU.ActiveCfg = Debug|Any CPU
		{B6DFA657-22AB-4CE5-8658-C780201EE502}.Debug|Any CPU.Build.0 = Debug|Any CPU
		{B6DFA657-22AB-4CE5-8658-C780201EE502}.Release|Any CPU.ActiveCfg = Release|Any CPU
		{B6DFA657-22AB-4CE5-8658-C780201EE502}.Release|Any CPU.Build.0 = Release|Any CPU
		{1DC0AEDD-9A4B-4C67-BADC-5627287D17B1}.Debug|Any CPU.ActiveCfg = Debug|Any CPU
		{1DC0AEDD-9A4B-4C67-BADC-5627287D17B1}.Debug|Any CPU.Build.0 = Debug|Any CPU
		{1DC0AEDD-9A4B-4C67-BADC-5627287D17B1}.Release|Any CPU.ActiveCfg = Release|Any CPU
		{1DC0AEDD-9A4B-4C67-BADC-5627287D17B1}.Release|Any CPU.Build.0 = Release|Any CPU
	EndGlobalSection
	GlobalSection(SolutionProperties) = preSolution
		HideSolutionNode = FALSE
	EndGlobalSection
	GlobalSection(ExtensibilityGlobals) = postSolution
		SolutionGuid = {4DB689A8-5E72-4A7B-AF48-EC88E2B99AAE}
	EndGlobalSection
EndGlobal
